
Microsoft Visual Studio Solution File, Format Version 12.00
# Visual Studio Version 16
VisualStudioVersion = 16.0.30503.244
MinimumVisualStudioVersion = 10.0.40219.1
Project("{9A19103F-16F7-4668-BE54-9A1E7A4F7556}") = "DataStructures", "DataStructures\DataStructures.csproj", "{78F58D65-E7E6-43CF-9564-398908AEBB25}"
EndProject
Project("{9A19103F-16F7-4668-BE54-9A1E7A4F7556}") = "API", "API\API.csproj", "{BE81DD58-72F3-4E5D-80B5-C42483C0A4A7}"
EndProject
Project("{FAE04EC0-301F-11D3-BF4B-00C04F79EFBC}") = "TestConsole", "TestConsole\TestConsole.csproj", "{FD06821B-F1B2-4056-9E7B-C19E91213246}"
EndProject
Global
	GlobalSection(SolutionConfigurationPlatforms) = preSolution
		Debug|Any CPU = Debug|Any CPU
		Release|Any CPU = Release|Any CPU
	EndGlobalSection
	GlobalSection(ProjectConfigurationPlatforms) = postSolution
		{78F58D65-E7E6-43CF-9564-398908AEBB25}.Debug|Any CPU.ActiveCfg = Debug|Any CPU
		{78F58D65-E7E6-43CF-9564-398908AEBB25}.Debug|Any CPU.Build.0 = Debug|Any CPU
		{78F58D65-E7E6-43CF-9564-398908AEBB25}.Release|Any CPU.ActiveCfg = Release|Any CPU
		{78F58D65-E7E6-43CF-9564-398908AEBB25}.Release|Any CPU.Build.0 = Release|Any CPU
		{BE81DD58-72F3-4E5D-80B5-C42483C0A4A7}.Debug|Any CPU.ActiveCfg = Debug|Any CPU
		{BE81DD58-72F3-4E5D-80B5-C42483C0A4A7}.Debug|Any CPU.Build.0 = Debug|Any CPU
		{BE81DD58-72F3-4E5D-80B5-C42483C0A4A7}.Release|Any CPU.ActiveCfg = Release|Any CPU
		{BE81DD58-72F3-4E5D-80B5-C42483C0A4A7}.Release|Any CPU.Build.0 = Release|Any CPU
		{FD06821B-F1B2-4056-9E7B-C19E91213246}.Debug|Any CPU.ActiveCfg = Debug|Any CPU
		{FD06821B-F1B2-4056-9E7B-C19E91213246}.Debug|Any CPU.Build.0 = Debug|Any CPU
		{FD06821B-F1B2-4056-9E7B-C19E91213246}.Release|Any CPU.ActiveCfg = Release|Any CPU
		{FD06821B-F1B2-4056-9E7B-C19E91213246}.Release|Any CPU.Build.0 = Release|Any CPU
	EndGlobalSection
	GlobalSection(SolutionProperties) = preSolution
		HideSolutionNode = FALSE
	EndGlobalSection
	GlobalSection(ExtensibilityGlobals) = postSolution
		SolutionGuid = {767F3224-67CF-41DF-BE9F-7CD85E141C9E}
	EndGlobalSection
EndGlobal
